
Microsoft Visual Studio Solution File, Format Version 12.00
# Visual Studio 15
VisualStudioVersion = 15.0.28010.2046
MinimumVisualStudioVersion = 10.0.40219.1
Project("{FAE04EC0-301F-11D3-BF4B-00C04F79EFBC}") = "INTERFACCIA_APP", "INTERFACCIA_APP\INTERFACCIA_APP.csproj", "{0343CCC9-AF04-491C-8359-9C3E52447574}"
EndProject
Project("{FAE04EC0-301F-11D3-BF4B-00C04F79EFBC}") = "CODE_APP", "CODE_APP\CODE_APP.csproj", "{611CB277-3573-47E9-8FAF-5307051AA638}"
EndProject
Global
	GlobalSection(SolutionConfigurationPlatforms) = preSolution
		Debug|Any CPU = Debug|Any CPU
		Release|Any CPU = Release|Any CPU
	EndGlobalSection
	GlobalSection(ProjectConfigurationPlatforms) = postSolution
		{0343CCC9-AF04-491C-8359-9C3E52447574}.Debug|Any CPU.ActiveCfg = Debug|Any CPU
		{0343CCC9-AF04-491C-8359-9C3E52447574}.Debug|Any CPU.Build.0 = Debug|Any CPU
		{0343CCC9-AF04-491C-8359-9C3E52447574}.Release|Any CPU.ActiveCfg = Release|Any CPU
		{0343CCC9-AF04-491C-8359-9C3E52447574}.Release|Any CPU.Build.0 = Release|Any CPU
		{611CB277-3573-47E9-8FAF-5307051AA638}.Debug|Any CPU.ActiveCfg = Debug|Any CPU
		{611CB277-3573-47E9-8FAF-5307051AA638}.Debug|Any CPU.Build.0 = Debug|Any CPU
		{611CB277-3573-47E9-8FAF-5307051AA638}.Release|Any CPU.ActiveCfg = Release|Any CPU
		{611CB277-3573-47E9-8FAF-5307051AA638}.Release|Any CPU.Build.0 = Release|Any CPU
	EndGlobalSection
	GlobalSection(SolutionProperties) = preSolution
		HideSolutionNode = FALSE
	EndGlobalSection
	GlobalSection(ExtensibilityGlobals) = postSolution
		SolutionGuid = {9951FB63-0A1C-4EEF-92AD-77DC135A8701}
	EndGlobalSection
EndGlobal
